# THIS IS AN AUTOGENERATED FILE. DO NOT EDIT THIS FILE DIRECTLY.
# yarn lockfile v1


vue-cookies@^1.7.4:
  version "1.7.4"
  resolved "https://registry.yarnpkg.com/vue-cookies/-/vue-cookies-1.7.4.tgz#d241d0a0431da0795837651d10b4d73e7c8d3e8d"
  integrity sha512-mOS5Btr8V9zvAtkmQ7/TfqJIropOx7etDAgBywPCmHjvfJl2gFbH2XgoMghleLoyyMTi5eaJss0mPN7arMoslA==
