# THIS IS AN AUTOGENERATED FILE. DO NOT EDIT THIS FILE DIRECTLY.
# yarn lockfile v1


"@types/web-bluetooth@^0.0.20":
  version "0.0.20"
  resolved "https://registry.yarnpkg.com/@types/web-bluetooth/-/web-bluetooth-0.0.20.tgz#f066abfcd1cbe66267cdbbf0de010d8a41b41597"
  integrity sha512-g9gZnnXVq7gM7v3tJCWV/qw7w+KeOlSHAhgF9RytFyifW6AF61hdT2ucrYhPq9hLs5JIryeupHV3qGk95dH9ow==

"@vueuse/core@^10.9.0":
  version "10.9.0"
  resolved "https://registry.yarnpkg.com/@vueuse/core/-/core-10.9.0.tgz#7d779a95cf0189de176fee63cee4ba44b3c85d64"
  integrity sha512-/1vjTol8SXnx6xewDEKfS0Ra//ncg4Hb0DaZiwKf7drgfMsKFExQ+FnnENcN6efPen+1kIzhLQoGSy0eDUVOMg==
  dependencies:
    "@types/web-bluetooth" "^0.0.20"
    "@vueuse/metadata" "10.9.0"
    "@vueuse/shared" "10.9.0"
    vue-demi ">=0.14.7"

"@vueuse/metadata@10.9.0":
  version "10.9.0"
  resolved "https://registry.yarnpkg.com/@vueuse/metadata/-/metadata-10.9.0.tgz#769a1a9db65daac15cf98084cbf7819ed3758620"
  integrity sha512-iddNbg3yZM0X7qFY2sAotomgdHK7YJ6sKUvQqbvwnf7TmaVPxS4EJydcNsVejNdS8iWCtDk+fYXr7E32nyTnGA==

"@vueuse/shared@10.9.0":
  version "10.9.0"
  resolved "https://registry.yarnpkg.com/@vueuse/shared/-/shared-10.9.0.tgz#13af2a348de15d07b7be2fd0c7fc9853a69d8fe0"
  integrity sha512-Uud2IWncmAfJvRaFYzv5OHDli+FbOzxiVEQdLCKQKLyhz94PIyFC3CHcH7EDMwIn8NPtD06+PNbC/PiO0LGLtw==
  dependencies:
    vue-demi ">=0.14.7"

vue-demi@>=0.14.7:
  version "0.14.7"
  resolved "https://registry.yarnpkg.com/vue-demi/-/vue-demi-0.14.7.tgz#8317536b3ef74c5b09f268f7782e70194567d8f2"
  integrity sha512-EOG8KXDQNwkJILkx/gPcoL/7vH+hORoBaKgGe+6W7VFMvCYJfmF2dGbvgDroVnI8LU7/kTu8mbjRZGBU1z9NTA==
